// !$*UTF8*$!
{
	archiveVersion = 1;
	classes = {
	};
	objectVersion = 56;
	objects = {

/* Begin PBXBuildFile section */
		F242149B2A4322F5005063F9 /* AppDelegate.swift in Sources */ = {isa = PBXBuildFile; fileRef = F242149A2A4322F5005063F9 /* AppDelegate.swift */; };
		F242149D2A4322F5005063F9 /* SceneDelegate.swift in Sources */ = {isa = PBXBuildFile; fileRef = F242149C2A4322F5005063F9 /* SceneDelegate.swift */; };
		F242149F2A4322F5005063F9 /* ViewController.swift in Sources */ = {isa = PBXBuildFile; fileRef = F242149E2A4322F5005063F9 /* ViewController.swift */; };
		F24214A22A4322F5005063F9 /* Main.storyboard in Resources */ = {isa = PBXBuildFile; fileRef = F24214A02A4322F5005063F9 /* Main.storyboard */; };
		F24214A42A4322F6005063F9 /* Assets.xcassets in Resources */ = {isa = PBXBuildFile; fileRef = F24214A32A4322F6005063F9 /* Assets.xcassets */; };
		F24214A72A4322F6005063F9 /* LaunchScreen.storyboard in Resources */ = {isa = PBXBuildFile; fileRef = F24214A52A4322F6005063F9 /* LaunchScreen.storyboard */; };
		F2E5EAF72A4873680058696C /* HomeTableViewHeader.xib in Resources */ = {isa = PBXBuildFile; fileRef = F2E5EAF62A4873680058696C /* HomeTableViewHeader.xib */; };
		F2E5EAF92A4874F60058696C /* HomeTableViewHeader.swift in Sources */ = {isa = PBXBuildFile; fileRef = F2E5EAF82A4874F60058696C /* HomeTableViewHeader.swift */; };
/* End PBXBuildFile section */

/* Begin PBXFileReference section */
		F24214972A4322F5005063F9 /* BordViagens.app */ = {isa = PBXFileReference; explicitFileType = wrapper.application; includeInIndex = 0; path = BordViagens.app; sourceTree = BUILT_PRODUCTS_DIR; };
		F242149A2A4322F5005063F9 /* AppDelegate.swift */ = {isa = PBXFileReference; lastKnownFileType = sourcecode.swift; path = AppDelegate.swift; sourceTree = "<group>"; };
		F242149C2A4322F5005063F9 /* SceneDelegate.swift */ = {isa = PBXFileReference; lastKnownFileType = sourcecode.swift; path = SceneDelegate.swift; sourceTree = "<group>"; };
		F242149E2A4322F5005063F9 /* ViewController.swift */ = {isa = PBXFileReference; lastKnownFileType = sourcecode.swift; path = ViewController.swift; sourceTree = "<group>"; };
		F24214A12A4322F5005063F9 /* Base */ = {isa = PBXFileReference; lastKnownFileType = file.storyboard; name = Base; path = Base.lproj/Main.storyboard; sourceTree = "<group>"; };
		F24214A32A4322F6005063F9 /* Assets.xcassets */ = {isa = PBXFileReference; lastKnownFileType = folder.assetcatalog; path = Assets.xcassets; sourceTree = "<group>"; };
		F24214A62A4322F6005063F9 /* Base */ = {isa = PBXFileReference; lastKnownFileType = file.storyboard; name = Base; path = Base.lproj/LaunchScreen.storyboard; sourceTree = "<group>"; };
		F24214A82A4322F6005063F9 /* Info.plist */ = {isa = PBXFileReference; lastKnownFileType = text.plist.xml; path = Info.plist; sourceTree = "<group>"; };
		F2E5EAF62A4873680058696C /* HomeTableViewHeader.xib */ = {isa = PBXFileReference; lastKnownFileType = file.xib; path = HomeTableViewHeader.xib; sourceTree = "<group>"; };
		F2E5EAF82A4874F60058696C /* HomeTableViewHeader.swift */ = {isa = PBXFileReference; lastKnownFileType = sourcecode.swift; path = HomeTableViewHeader.swift; sourceTree = "<group>"; };
/* End PBXFileReference section */

/* Begin PBXFrameworksBuildPhase section */
		F24214942A4322F5005063F9 /* Frameworks */ = {
			isa = PBXFrameworksBuildPhase;
			buildActionMask = 2147483647;
			files = (
			);
			runOnlyForDeploymentPostprocessing = 0;
		};
/* End PBXFrameworksBuildPhase section */

/* Begin PBXGroup section */
		F242148E2A4322F5005063F9 = {
			isa = PBXGroup;
			children = (
				F24214992A4322F5005063F9 /* BordViagens */,
				F24214982A4322F5005063F9 /* Products */,
			);
			sourceTree = "<group>";
		};
		F24214982A4322F5005063F9 /* Products */ = {
			isa = PBXGroup;
			children = (
				F24214972A4322F5005063F9 /* BordViagens.app */,
			);
			name = Products;
			sourceTree = "<group>";
		};
		F24214992A4322F5005063F9 /* BordViagens */ = {
			isa = PBXGroup;
			children = (
				F2E5EAFB2A50CB410058696C /* AppDelegate */,
				F2E5EAFC2A50CB830058696C /* Model */,
				F2E5EAFD2A50CBA90058696C /* View */,
				F2E5EAFF2A50CC600058696C /* ViewModel */,
				F24214A52A4322F6005063F9 /* LaunchScreen.storyboard */,
				F24214A32A4322F6005063F9 /* Assets.xcassets */,
				F24214A82A4322F6005063F9 /* Info.plist */,
			);
			path = BordViagens;
			sourceTree = "<group>";
		};
		F2E5EAFB2A50CB410058696C /* AppDelegate */ = {
			isa = PBXGroup;
			children = (
				F242149A2A4322F5005063F9 /* AppDelegate.swift */,
				F242149C2A4322F5005063F9 /* SceneDelegate.swift */,
			);
			path = AppDelegate;
			sourceTree = "<group>";
		};
		F2E5EAFC2A50CB830058696C /* Model */ = {
			isa = PBXGroup;
			children = (
			);
			path = Model;
			sourceTree = "<group>";
		};
		F2E5EAFD2A50CBA90058696C /* View */ = {
			isa = PBXGroup;
			children = (
				F2E5EAFE2A50CC2A0058696C /* Header */,
				F24214A02A4322F5005063F9 /* Main.storyboard */,
				F242149E2A4322F5005063F9 /* ViewController.swift */,
			);
			path = View;
			sourceTree = "<group>";
		};
		F2E5EAFE2A50CC2A0058696C /* Header */ = {
			isa = PBXGroup;
			children = (
				F2E5EAF62A4873680058696C /* HomeTableViewHeader.xib */,
				F2E5EAF82A4874F60058696C /* HomeTableViewHeader.swift */,
			);
			path = Header;
			sourceTree = "<group>";
		};
		F2E5EAFF2A50CC600058696C /* ViewModel */ = {
			isa = PBXGroup;
			children = (
			);
			path = ViewModel;
			sourceTree = "<group>";
		};
/* End PBXGroup section */

/* Begin PBXNativeTarget section */
		F24214962A4322F5005063F9 /* BordViagens */ = {
			isa = PBXNativeTarget;
			buildConfigurationList = F24214AB2A4322F6005063F9 /* Build configuration list for PBXNativeTarget "BordViagens" */;
			buildPhases = (
				F24214932A4322F5005063F9 /* Sources */,
				F24214942A4322F5005063F9 /* Frameworks */,
				F24214952A4322F5005063F9 /* Resources */,
			);
			buildRules = (
			);
			dependencies = (
			);
			name = BordViagens;
			productName = BordViagens;
			productReference = F24214972A4322F5005063F9 /* BordViagens.app */;
			productType = "com.apple.product-type.application";
		};
/* End PBXNativeTarget section */

/* Begin PBXProject section */
		F242148F2A4322F5005063F9 /* Project object */ = {
			isa = PBXProject;
			attributes = {
				BuildIndependentTargetsInParallel = 1;
				LastSwiftUpdateCheck = 1430;
				LastUpgradeCheck = 1430;
				TargetAttributes = {
					F24214962A4322F5005063F9 = {
						CreatedOnToolsVersion = 14.3.1;
					};
				};
			};
			buildConfigurationList = F24214922A4322F5005063F9 /* Build configuration list for PBXProject "BordViagens" */;
			compatibilityVersion = "Xcode 14.0";
			developmentRegion = en;
			hasScannedForEncodings = 0;
			knownRegions = (
				en,
				Base,
			);
			mainGroup = F242148E2A4322F5005063F9;
			productRefGroup = F24214982A4322F5005063F9 /* Products */;
			projectDirPath = "";
			projectRoot = "";
			targets = (
				F24214962A4322F5005063F9 /* BordViagens */,
			);
		};
/* End PBXProject section */

/* Begin PBXResourcesBuildPhase section */
		F24214952A4322F5005063F9 /* Resources */ = {
			isa = PBXResourcesBuildPhase;
			buildActionMask = 2147483647;
			files = (
				F24214A72A4322F6005063F9 /* LaunchScreen.storyboard in Resources */,
				F2E5EAF72A4873680058696C /* HomeTableViewHeader.xib in Resources */,
				F24214A42A4322F6005063F9 /* Assets.xcassets in Resources */,
				F24214A22A4322F5005063F9 /* Main.storyboard in Resources */,
			);
			runOnlyForDeploymentPostprocessing = 0;
		};
/* End PBXResourcesBuildPhase section */

/* Begin PBXSourcesBuildPhase section */
		F24214932A4322F5005063F9 /* Sources */ = {
			isa = PBXSourcesBuildPhase;
			buildActionMask = 2147483647;
			files = (
				F242149F2A4322F5005063F9 /* ViewController.swift in Sources */,
				F2E5EAF92A4874F60058696C /* HomeTableViewHeader.swift in Sources */,
				F242149B2A4322F5005063F9 /* AppDelegate.swift in Sources */,
				F242149D2A4322F5005063F9 /* SceneDelegate.swift in Sources */,
			);
			runOnlyForDeploymentPostprocessing = 0;
		};
/* End PBXSourcesBuildPhase section */

/* Begin PBXVariantGroup section */
		F24214A02A4322F5005063F9 /* Main.storyboard */ = {
			isa = PBXVariantGroup;
			children = (
				F24214A12A4322F5005063F9 /* Base */,
			);
			name = Main.storyboard;
			sourceTree = "<group>";
		};
		F24214A52A4322F6005063F9 /* LaunchScreen.storyboard */ = {
			isa = PBXVariantGroup;
			children = (
				F24214A62A4322F6005063F9 /* Base */,
			);
			name = LaunchScreen.storyboard;
			sourceTree = "<group>";
		};
/* End PBXVariantGroup section */

/* Begin XCBuildConfiguration section */
		F24214A92A4322F6005063F9 /* Debug */ = {
			isa = XCBuildConfiguration;
			buildSettings = {
				ALWAYS_SEARCH_USER_PATHS = NO;
				CLANG_ANALYZER_NONNULL = YES;
				CLANG_ANALYZER_NUMBER_OBJECT_CONVERSION = YES_AGGRESSIVE;
				CLANG_CXX_LANGUAGE_STANDARD = "gnu++20";
				CLANG_ENABLE_MODULES = YES;
				CLANG_ENABLE_OBJC_ARC = YES;
				CLANG_ENABLE_OBJC_WEAK = YES;
				CLANG_WARN_BLOCK_CAPTURE_AUTORELEASING = YES;
				CLANG_WARN_BOOL_CONVERSION = YES;
				CLANG_WARN_COMMA = YES;
				CLANG_WARN_CONSTANT_CONVERSION = YES;
				CLANG_WARN_DEPRECATED_OBJC_IMPLEMENTATIONS = YES;
				CLANG_WARN_DIRECT_OBJC_ISA_USAGE = YES_ERROR;
				CLANG_WARN_DOCUMENTATION_COMMENTS = YES;
				CLANG_WARN_EMPTY_BODY = YES;
				CLANG_WARN_ENUM_CONVERSION = YES;
				CLANG_WARN_INFINITE_RECURSION = YES;
				CLANG_WARN_INT_CONVERSION = YES;
				CLANG_WARN_NON_LITERAL_NULL_CONVERSION = YES;
				CLANG_WARN_OBJC_IMPLICIT_RETAIN_SELF = YES;
				CLANG_WARN_OBJC_LITERAL_CONVERSION = YES;
				CLANG_WARN_OBJC_ROOT_CLASS = YES_ERROR;
				CLANG_WARN_QUOTED_INCLUDE_IN_FRAMEWORK_HEADER = YES;
				CLANG_WARN_RANGE_LOOP_ANALYSIS = YES;
				CLANG_WARN_STRICT_PROTOTYPES = YES;
				CLANG_WARN_SUSPICIOUS_MOVE = YES;
				CLANG_WARN_UNGUARDED_AVAILABILITY = YES_AGGRESSIVE;
				CLANG_WARN_UNREACHABLE_CODE = YES;
				CLANG_WARN__DUPLICATE_METHOD_MATCH = YES;
				COPY_PHASE_STRIP = NO;
				DEBUG_INFORMATION_FORMAT = dwarf;
				ENABLE_STRICT_OBJC_MSGSEND = YES;
				ENABLE_TESTABILITY = YES;
				GCC_C_LANGUAGE_STANDARD = gnu11;
				GCC_DYNAMIC_NO_PIC = NO;
				GCC_NO_COMMON_BLOCKS = YES;
				GCC_OPTIMIZATION_LEVEL = 0;
				GCC_PREPROCESSOR_DEFINITIONS = (
					"DEBUG=1",
					"$(inherited)",
				);
				GCC_WARN_64_TO_32_BIT_CONVERSION = YES;
				GCC_WARN_ABOUT_RETURN_TYPE = YES_ERROR;
				GCC_WARN_UNDECLARED_SELECTOR = YES;
				GCC_WARN_UNINITIALIZED_AUTOS = YES_AGGRESSIVE;
				GCC_WARN_UNUSED_FUNCTION = YES;
				GCC_WARN_UNUSED_VARIABLE = YES;
				IPHONEOS_DEPLOYMENT_TARGET = 16.4;
				MTL_ENABLE_DEBUG_INFO = INCLUDE_SOURCE;
				MTL_FAST_MATH = YES;
				ONLY_ACTIVE_ARCH = YES;
				SDKROOT = iphoneos;
				SWIFT_ACTIVE_COMPILATION_CONDITIONS = DEBUG;
				SWIFT_OPTIMIZATION_LEVEL = "-Onone";
			};
			name = Debug;
		};
		F24214AA2A4322F6005063F9 /* Release */ = {
			isa = XCBuildConfiguration;
			buildSettings = {
				ALWAYS_SEARCH_USER_PATHS = NO;
				CLANG_ANALYZER_NONNULL = YES;
				CLANG_ANALYZER_NUMBER_OBJECT_CONVERSION = YES_AGGRESSIVE;
				CLANG_CXX_LANGUAGE_STANDARD = "gnu++20";
				CLANG_ENABLE_MODULES = YES;
				CLANG_ENABLE_OBJC_ARC = YES;
				CLANG_ENABLE_OBJC_WEAK = YES;
				CLANG_WARN_BLOCK_CAPTURE_AUTORELEASING = YES;
				CLANG_WARN_BOOL_CONVERSION = YES;
				CLANG_WARN_COMMA = YES;
				CLANG_WARN_CONSTANT_CONVERSION = YES;
				CLANG_WARN_DEPRECATED_OBJC_IMPLEMENTATIONS = YES;
				CLANG_WARN_DIRECT_OBJC_ISA_USAGE = YES_ERROR;
				CLANG_WARN_DOCUMENTATION_COMMENTS = YES;
				CLANG_WARN_EMPTY_BODY = YES;
				CLANG_WARN_ENUM_CONVERSION = YES;
				CLANG_WARN_INFINITE_RECURSION = YES;
				CLANG_WARN_INT_CONVERSION = YES;
				CLANG_WARN_NON_LITERAL_NULL_CONVERSION = YES;
				CLANG_WARN_OBJC_IMPLICIT_RETAIN_SELF = YES;
				CLANG_WARN_OBJC_LITERAL_CONVERSION = YES;
				CLANG_WARN_OBJC_ROOT_CLASS = YES_ERROR;
				CLANG_WARN_QUOTED_INCLUDE_IN_FRAMEWORK_HEADER = YES;
				CLANG_WARN_RANGE_LOOP_ANALYSIS = YES;
				CLANG_WARN_STRICT_PROTOTYPES = YES;
				CLANG_WARN_SUSPICIOUS_MOVE = YES;
				CLANG_WARN_UNGUARDED_AVAILABILITY = YES_AGGRESSIVE;
				CLANG_WARN_UNREACHABLE_CODE = YES;
				CLANG_WARN__DUPLICATE_METHOD_MATCH = YES;
				COPY_PHASE_STRIP = NO;
				DEBUG_INFORMATION_FORMAT = "dwarf-with-dsym";
				ENABLE_NS_ASSERTIONS = NO;
				ENABLE_STRICT_OBJC_MSGSEND = YES;
				GCC_C_LANGUAGE_STANDARD = gnu11;
				GCC_NO_COMMON_BLOCKS = YES;
				GCC_WARN_64_TO_32_BIT_CONVERSION = YES;
				GCC_WARN_ABOUT_RETURN_TYPE = YES_ERROR;
				GCC_WARN_UNDECLARED_SELECTOR = YES;
				GCC_WARN_UNINITIALIZED_AUTOS = YES_AGGRESSIVE;
				GCC_WARN_UNUSED_FUNCTION = YES;
				GCC_WARN_UNUSED_VARIABLE = YES;
				IPHONEOS_DEPLOYMENT_TARGET = 16.4;
				MTL_ENABLE_DEBUG_INFO = NO;
				MTL_FAST_MATH = YES;
				SDKROOT = iphoneos;
				SWIFT_COMPILATION_MODE = wholemodule;
				SWIFT_OPTIMIZATION_LEVEL = "-O";
				VALIDATE_PRODUCT = YES;
			};
			name = Release;
		};
		F24214AC2A4322F6005063F9 /* Debug */ = {
			isa = XCBuildConfiguration;
			buildSettings = {
				ASSETCATALOG_COMPILER_APPICON_NAME = AppIcon;
				ASSETCATALOG_COMPILER_GLOBAL_ACCENT_COLOR_NAME = AccentColor;
				CODE_SIGN_STYLE = Automatic;
				CURRENT_PROJECT_VERSION = 1;
				DEVELOPMENT_TEAM = D23P53HC6V;
				GENERATE_INFOPLIST_FILE = YES;
				INFOPLIST_FILE = BordViagens/Info.plist;
				INFOPLIST_KEY_UIApplicationSupportsIndirectInputEvents = YES;
				INFOPLIST_KEY_UILaunchStoryboardName = LaunchScreen;
				INFOPLIST_KEY_UIMainStoryboardFile = Main;
				INFOPLIST_KEY_UISupportedInterfaceOrientations_iPad = "UIInterfaceOrientationPortrait UIInterfaceOrientationPortraitUpsideDown UIInterfaceOrientationLandscapeLeft UIInterfaceOrientationLandscapeRight";
				INFOPLIST_KEY_UISupportedInterfaceOrientations_iPhone = "UIInterfaceOrientationPortrait UIInterfaceOrientationLandscapeLeft UIInterfaceOrientationLandscapeRight";
				LD_RUNPATH_SEARCH_PATHS = (
					"$(inherited)",
					"@executable_path/Frameworks",
				);
				MARKETING_VERSION = 1.0;
				PRODUCT_BUNDLE_IDENTIFIER = "Lola-Inc.BordViagens";
				PRODUCT_NAME = "$(TARGET_NAME)";
				SWIFT_EMIT_LOC_STRINGS = YES;
				SWIFT_VERSION = 5.0;
				TARGETED_DEVICE_FAMILY = "1,2";
			};
			name = Debug;
		};
		F24214AD2A4322F6005063F9 /* Release */ = {
			isa = XCBuildConfiguration;
			buildSettings = {
				ASSETCATALOG_COMPILER_APPICON_NAME = AppIcon;
				ASSETCATALOG_COMPILER_GLOBAL_ACCENT_COLOR_NAME = AccentColor;
				CODE_SIGN_STYLE = Automatic;
				CURRENT_PROJECT_VERSION = 1;
				DEVELOPMENT_TEAM = D23P53HC6V;
				GENERATE_INFOPLIST_FILE = YES;
				INFOPLIST_FILE = BordViagens/Info.plist;
				INFOPLIST_KEY_UIApplicationSupportsIndirectInputEvents = YES;
				INFOPLIST_KEY_UILaunchStoryboardName = LaunchScreen;
				INFOPLIST_KEY_UIMainStoryboardFile = Main;
				INFOPLIST_KEY_UISupportedInterfaceOrientations_iPad = "UIInterfaceOrientationPortrait UIInterfaceOrientationPortraitUpsideDown UIInterfaceOrientationLandscapeLeft UIInterfaceOrientationLandscapeRight";
				INFOPLIST_KEY_UISupportedInterfaceOrientations_iPhone = "UIInterfaceOrientationPortrait UIInterfaceOrientationLandscapeLeft UIInterfaceOrientationLandscapeRight";
				LD_RUNPATH_SEARCH_PATHS = (
					"$(inherited)",
					"@executable_path/Frameworks",
				);
				MARKETING_VERSION = 1.0;
				PRODUCT_BUNDLE_IDENTIFIER = "Lola-Inc.BordViagens";
				PRODUCT_NAME = "$(TARGET_NAME)";
				SWIFT_EMIT_LOC_STRINGS = YES;
				SWIFT_VERSION = 5.0;
				TARGETED_DEVICE_FAMILY = "1,2";
			};
			name = Release;
		};
/* End XCBuildConfiguration section */

/* Begin XCConfigurationList section */
		F24214922A4322F5005063F9 /* Build configuration list for PBXProject "BordViagens" */ = {
			isa = XCConfigurationList;
			buildConfigurations = (
				F24214A92A4322F6005063F9 /* Debug */,
				F24214AA2A4322F6005063F9 /* Release */,
			);
			defaultConfigurationIsVisible = 0;
			defaultConfigurationName = Release;
		};
		F24214AB2A4322F6005063F9 /* Build configuration list for PBXNativeTarget "BordViagens" */ = {
			isa = XCConfigurationList;
			buildConfigurations = (
				F24214AC2A4322F6005063F9 /* Debug */,
				F24214AD2A4322F6005063F9 /* Release */,
			);
			defaultConfigurationIsVisible = 0;
			defaultConfigurationName = Release;
		};
/* End XCConfigurationList section */
	};
	rootObject = F242148F2A4322F5005063F9 /* Project object */;
}
